// !$*UTF8*$!
{
	archiveVersion = 1;
	classes = {
	};
	objectVersion = 46;
	objects = {

/* Begin PBXBuildFile section */
		32081DEB1F7B936300A4B65E /* SearchResViewController.m in Sources */ = {isa = PBXBuildFile; fileRef = 32081DEA1F7B936300A4B65E /* SearchResViewController.m */; };
		320FDE201F79FA0300607D5E /* MainViewController.m in Sources */ = {isa = PBXBuildFile; fileRef = 320FDE1F1F79FA0300607D5E /* MainViewController.m */; };
		320FDE241F7A34B100607D5E /* JCAlertView.m in Sources */ = {isa = PBXBuildFile; fileRef = 320FDE231F7A34B100607D5E /* JCAlertView.m */; };
		322D18821F78AF8700815118 /* main.m in Sources */ = {isa = PBXBuildFile; fileRef = 322D18811F78AF8700815118 /* main.m */; };
		322D18851F78AF8700815118 /* AppDelegate.m in Sources */ = {isa = PBXBuildFile; fileRef = 322D18841F78AF8700815118 /* AppDelegate.m */; };
		322D188B1F78AF8800815118 /* Main.storyboard in Resources */ = {isa = PBXBuildFile; fileRef = 322D18891F78AF8800815118 /* Main.storyboard */; };
		322D188D1F78AF8800815118 /* Assets.xcassets in Resources */ = {isa = PBXBuildFile; fileRef = 322D188C1F78AF8800815118 /* Assets.xcassets */; };
		322D18901F78AF8800815118 /* LaunchScreen.storyboard in Resources */ = {isa = PBXBuildFile; fileRef = 322D188E1F78AF8800815118 /* LaunchScreen.storyboard */; };
		322D189F1F78CCA000815118 /* LoginViewController.m in Sources */ = {isa = PBXBuildFile; fileRef = 322D189E1F78CCA000815118 /* LoginViewController.m */; };
/* End PBXBuildFile section */

/* Begin PBXFileReference section */
		32081DE91F7B936300A4B65E /* SearchResViewController.h */ = {isa = PBXFileReference; fileEncoding = 4; lastKnownFileType = sourcecode.c.h; path = SearchResViewController.h; sourceTree = "<group>"; };
		32081DEA1F7B936300A4B65E /* SearchResViewController.m */ = {isa = PBXFileReference; fileEncoding = 4; lastKnownFileType = sourcecode.c.objc; path = SearchResViewController.m; sourceTree = "<group>"; };
		320FDE1E1F79FA0300607D5E /* MainViewController.h */ = {isa = PBXFileReference; fileEncoding = 4; lastKnownFileType = sourcecode.c.h; path = MainViewController.h; sourceTree = "<group>"; };
		320FDE1F1F79FA0300607D5E /* MainViewController.m */ = {isa = PBXFileReference; fileEncoding = 4; lastKnownFileType = sourcecode.c.objc; path = MainViewController.m; sourceTree = "<group>"; };
		320FDE221F7A34B100607D5E /* JCAlertView.h */ = {isa = PBXFileReference; fileEncoding = 4; lastKnownFileType = sourcecode.c.h; path = JCAlertView.h; sourceTree = "<group>"; };
		320FDE231F7A34B100607D5E /* JCAlertView.m */ = {isa = PBXFileReference; fileEncoding = 4; lastKnownFileType = sourcecode.c.objc; path = JCAlertView.m; sourceTree = "<group>"; };
		322D187D1F78AF8700815118 /* GripBall.app */ = {isa = PBXFileReference; explicitFileType = wrapper.application; includeInIndex = 0; path = GripBall.app; sourceTree = BUILT_PRODUCTS_DIR; };
		322D18811F78AF8700815118 /* main.m */ = {isa = PBXFileReference; lastKnownFileType = sourcecode.c.objc; path = main.m; sourceTree = "<group>"; };
		322D18831F78AF8700815118 /* AppDelegate.h */ = {isa = PBXFileReference; lastKnownFileType = sourcecode.c.h; path = AppDelegate.h; sourceTree = "<group>"; };
		322D18841F78AF8700815118 /* AppDelegate.m */ = {isa = PBXFileReference; lastKnownFileType = sourcecode.c.objc; path = AppDelegate.m; sourceTree = "<group>"; };
		322D188A1F78AF8800815118 /* Base */ = {isa = PBXFileReference; lastKnownFileType = file.storyboard; name = Base; path = Base.lproj/Main.storyboard; sourceTree = "<group>"; };
		322D188C1F78AF8800815118 /* Assets.xcassets */ = {isa = PBXFileReference; lastKnownFileType = folder.assetcatalog; path = Assets.xcassets; sourceTree = "<group>"; };
		322D188F1F78AF8800815118 /* Base */ = {isa = PBXFileReference; lastKnownFileType = file.storyboard; name = Base; path = Base.lproj/LaunchScreen.storyboard; sourceTree = "<group>"; };
		322D18911F78AF8800815118 /* Info.plist */ = {isa = PBXFileReference; lastKnownFileType = text.plist.xml; path = Info.plist; sourceTree = "<group>"; };
		322D18991F78B37E00815118 /* LoginViewController.h */ = {isa = PBXFileReference; fileEncoding = 4; lastKnownFileType = sourcecode.c.h; path = LoginViewController.h; sourceTree = "<group>"; };
		322D189D1F78B77B00815118 /* ModelLocator.h */ = {isa = PBXFileReference; lastKnownFileType = sourcecode.c.h; path = ModelLocator.h; sourceTree = "<group>"; };
		322D189E1F78CCA000815118 /* LoginViewController.m */ = {isa = PBXFileReference; fileEncoding = 4; lastKnownFileType = sourcecode.c.objc; path = LoginViewController.m; sourceTree = "<group>"; };
/* End PBXFileReference section */

/* Begin PBXFrameworksBuildPhase section */
		322D187A1F78AF8700815118 /* Frameworks */ = {
			isa = PBXFrameworksBuildPhase;
			buildActionMask = 2147483647;
			files = (
			);
			runOnlyForDeploymentPostprocessing = 0;
		};
/* End PBXFrameworksBuildPhase section */

/* Begin PBXGroup section */
		320FDE1C1F79F9B400607D5E /* ConnectResult */ = {
			isa = PBXGroup;
			children = (
			);
			path = ConnectResult;
			sourceTree = "<group>";
		};
		320FDE1D1F79F9B400607D5E /* SearchResult */ = {
			isa = PBXGroup;
			children = (
				32081DE91F7B936300A4B65E /* SearchResViewController.h */,
				32081DEA1F7B936300A4B65E /* SearchResViewController.m */,
			);
			path = SearchResult;
			sourceTree = "<group>";
		};
		320FDE211F7A32AB00607D5E /* Tools */ = {
			isa = PBXGroup;
			children = (
				320FDE221F7A34B100607D5E /* JCAlertView.h */,
				320FDE231F7A34B100607D5E /* JCAlertView.m */,
			);
			path = Tools;
			sourceTree = "<group>";
		};
		322D18741F78AF8700815118 = {
			isa = PBXGroup;
			children = (
				322D187F1F78AF8700815118 /* GripBall */,
				322D187E1F78AF8700815118 /* Products */,
			);
			sourceTree = "<group>";
		};
		322D187E1F78AF8700815118 /* Products */ = {
			isa = PBXGroup;
			children = (
				322D187D1F78AF8700815118 /* GripBall.app */,
			);
			name = Products;
			sourceTree = "<group>";
		};
		322D187F1F78AF8700815118 /* GripBall */ = {
			isa = PBXGroup;
			children = (
				322D18831F78AF8700815118 /* AppDelegate.h */,
				322D18841F78AF8700815118 /* AppDelegate.m */,
				322D189C1F78B75F00815118 /* model */,
				322D18971F78B37E00815118 /* view */,
				320FDE211F7A32AB00607D5E /* Tools */,
				322D18891F78AF8800815118 /* Main.storyboard */,
				322D188C1F78AF8800815118 /* Assets.xcassets */,
				322D188E1F78AF8800815118 /* LaunchScreen.storyboard */,
				322D18911F78AF8800815118 /* Info.plist */,
				322D18801F78AF8700815118 /* Supporting Files */,
			);
			path = GripBall;
			sourceTree = "<group>";
		};
		322D18801F78AF8700815118 /* Supporting Files */ = {
			isa = PBXGroup;
			children = (
				322D18811F78AF8700815118 /* main.m */,
			);
			name = "Supporting Files";
			sourceTree = "<group>";
		};
		322D18971F78B37E00815118 /* view */ = {
			isa = PBXGroup;
			children = (
				320FDE1E1F79FA0300607D5E /* MainViewController.h */,
				320FDE1F1F79FA0300607D5E /* MainViewController.m */,
				322D18981F78B37E00815118 /* Login */,
				322D18A01F78CF8F00815118 /* BlueTooth */,
			);
			path = view;
			sourceTree = "<group>";
		};
		322D18981F78B37E00815118 /* Login */ = {
			isa = PBXGroup;
			children = (
				322D18991F78B37E00815118 /* LoginViewController.h */,
				322D189E1F78CCA000815118 /* LoginViewController.m */,
			);
			path = Login;
			sourceTree = "<group>";
		};
		322D189C1F78B75F00815118 /* model */ = {
			isa = PBXGroup;
			children = (
				322D189D1F78B77B00815118 /* ModelLocator.h */,
			);
			path = model;
			sourceTree = "<group>";
		};
		322D18A01F78CF8F00815118 /* BlueTooth */ = {
			isa = PBXGroup;
			children = (
				320FDE1C1F79F9B400607D5E /* ConnectResult */,
				320FDE1D1F79F9B400607D5E /* SearchResult */,
			);
			path = BlueTooth;
			sourceTree = "<group>";
		};
/* End PBXGroup section */

/* Begin PBXNativeTarget section */
		322D187C1F78AF8700815118 /* GripBall */ = {
			isa = PBXNativeTarget;
			buildConfigurationList = 322D18941F78AF8800815118 /* Build configuration list for PBXNativeTarget "GripBall" */;
			buildPhases = (
				322D18791F78AF8700815118 /* Sources */,
				322D187A1F78AF8700815118 /* Frameworks */,
				322D187B1F78AF8700815118 /* Resources */,
			);
			buildRules = (
			);
			dependencies = (
			);
			name = GripBall;
			productName = GripBall;
			productReference = 322D187D1F78AF8700815118 /* GripBall.app */;
			productType = "com.apple.product-type.application";
		};
/* End PBXNativeTarget section */

/* Begin PBXProject section */
		322D18751F78AF8700815118 /* Project object */ = {
			isa = PBXProject;
			attributes = {
				LastUpgradeCheck = 0820;
				ORGANIZATIONNAME = "贾辰";
				TargetAttributes = {
					322D187C1F78AF8700815118 = {
						CreatedOnToolsVersion = 8.2.1;
						DevelopmentTeam = SR4ZEKCW75;
						ProvisioningStyle = Automatic;
					};
				};
			};
			buildConfigurationList = 322D18781F78AF8700815118 /* Build configuration list for PBXProject "GripBall" */;
			compatibilityVersion = "Xcode 3.2";
			developmentRegion = English;
			hasScannedForEncodings = 0;
			knownRegions = (
				en,
				Base,
			);
			mainGroup = 322D18741F78AF8700815118;
			productRefGroup = 322D187E1F78AF8700815118 /* Products */;
			projectDirPath = "";
			projectRoot = "";
			targets = (
				322D187C1F78AF8700815118 /* GripBall */,
			);
		};
/* End PBXProject section */

/* Begin PBXResourcesBuildPhase section */
		322D187B1F78AF8700815118 /* Resources */ = {
			isa = PBXResourcesBuildPhase;
			buildActionMask = 2147483647;
			files = (
				322D18901F78AF8800815118 /* LaunchScreen.storyboard in Resources */,
				322D188D1F78AF8800815118 /* Assets.xcassets in Resources */,
				322D188B1F78AF8800815118 /* Main.storyboard in Resources */,
			);
			runOnlyForDeploymentPostprocessing = 0;
		};
/* End PBXResourcesBuildPhase section */

/* Begin PBXSourcesBuildPhase section */
		322D18791F78AF8700815118 /* Sources */ = {
			isa = PBXSourcesBuildPhase;
			buildActionMask = 2147483647;
			files = (
				322D18851F78AF8700815118 /* AppDelegate.m in Sources */,
				32081DEB1F7B936300A4B65E /* SearchResViewController.m in Sources */,
				322D18821F78AF8700815118 /* main.m in Sources */,
				320FDE201F79FA0300607D5E /* MainViewController.m in Sources */,
				320FDE241F7A34B100607D5E /* JCAlertView.m in Sources */,
				322D189F1F78CCA000815118 /* LoginViewController.m in Sources */,
			);
			runOnlyForDeploymentPostprocessing = 0;
		};
/* End PBXSourcesBuildPhase section */

/* Begin PBXVariantGroup section */
		322D18891F78AF8800815118 /* Main.storyboard */ = {
			isa = PBXVariantGroup;
			children = (
				322D188A1F78AF8800815118 /* Base */,
			);
			name = Main.storyboard;
			sourceTree = "<group>";
		};
		322D188E1F78AF8800815118 /* LaunchScreen.storyboard */ = {
			isa = PBXVariantGroup;
			children = (
				322D188F1F78AF8800815118 /* Base */,
			);
			name = LaunchScreen.storyboard;
			sourceTree = "<group>";
		};
/* End PBXVariantGroup section */

/* Begin XCBuildConfiguration section */
		322D18921F78AF8800815118 /* Debug */ = {
			isa = XCBuildConfiguration;
			buildSettings = {
				ALWAYS_SEARCH_USER_PATHS = NO;
				CLANG_ANALYZER_NONNULL = YES;
				CLANG_CXX_LANGUAGE_STANDARD = "gnu++0x";
				CLANG_CXX_LIBRARY = "libc++";
				CLANG_ENABLE_MODULES = YES;
				CLANG_ENABLE_OBJC_ARC = YES;
				CLANG_WARN_BOOL_CONVERSION = YES;
				CLANG_WARN_CONSTANT_CONVERSION = YES;
				CLANG_WARN_DIRECT_OBJC_ISA_USAGE = YES_ERROR;
				CLANG_WARN_DOCUMENTATION_COMMENTS = YES;
				CLANG_WARN_EMPTY_BODY = YES;
				CLANG_WARN_ENUM_CONVERSION = YES;
				CLANG_WARN_INFINITE_RECURSION = YES;
				CLANG_WARN_INT_CONVERSION = YES;
				CLANG_WARN_OBJC_ROOT_CLASS = YES_ERROR;
				CLANG_WARN_SUSPICIOUS_MOVE = YES;
				CLANG_WARN_UNREACHABLE_CODE = YES;
				CLANG_WARN__DUPLICATE_METHOD_MATCH = YES;
				"CODE_SIGN_IDENTITY[sdk=iphoneos*]" = "iPhone Developer";
				COPY_PHASE_STRIP = NO;
				DEBUG_INFORMATION_FORMAT = dwarf;
				ENABLE_STRICT_OBJC_MSGSEND = YES;
				ENABLE_TESTABILITY = YES;
				GCC_C_LANGUAGE_STANDARD = gnu99;
				GCC_DYNAMIC_NO_PIC = NO;
				GCC_NO_COMMON_BLOCKS = YES;
				GCC_OPTIMIZATION_LEVEL = 0;
				GCC_PREPROCESSOR_DEFINITIONS = (
					"DEBUG=1",
					"$(inherited)",
				);
				GCC_WARN_64_TO_32_BIT_CONVERSION = YES;
				GCC_WARN_ABOUT_RETURN_TYPE = YES_ERROR;
				GCC_WARN_UNDECLARED_SELECTOR = YES;
				GCC_WARN_UNINITIALIZED_AUTOS = YES_AGGRESSIVE;
				GCC_WARN_UNUSED_FUNCTION = YES;
				GCC_WARN_UNUSED_VARIABLE = YES;
				IPHONEOS_DEPLOYMENT_TARGET = 10.2;
				MTL_ENABLE_DEBUG_INFO = YES;
				ONLY_ACTIVE_ARCH = YES;
				SDKROOT = iphoneos;
			};
			name = Debug;
		};
		322D18931F78AF8800815118 /* Release */ = {
			isa = XCBuildConfiguration;
			buildSettings = {
				ALWAYS_SEARCH_USER_PATHS = NO;
				CLANG_ANALYZER_NONNULL = YES;
				CLANG_CXX_LANGUAGE_STANDARD = "gnu++0x";
				CLANG_CXX_LIBRARY = "libc++";
				CLANG_ENABLE_MODULES = YES;
				CLANG_ENABLE_OBJC_ARC = YES;
				CLANG_WARN_BOOL_CONVERSION = YES;
				CLANG_WARN_CONSTANT_CONVERSION = YES;
				CLANG_WARN_DIRECT_OBJC_ISA_USAGE = YES_ERROR;
				CLANG_WARN_DOCUMENTATION_COMMENTS = YES;
				CLANG_WARN_EMPTY_BODY = YES;
				CLANG_WARN_ENUM_CONVERSION = YES;
				CLANG_WARN_INFINITE_RECURSION = YES;
				CLANG_WARN_INT_CONVERSION = YES;
				CLANG_WARN_OBJC_ROOT_CLASS = YES_ERROR;
				CLANG_WARN_SUSPICIOUS_MOVE = YES;
				CLANG_WARN_UNREACHABLE_CODE = YES;
				CLANG_WARN__DUPLICATE_METHOD_MATCH = YES;
				"CODE_SIGN_IDENTITY[sdk=iphoneos*]" = "iPhone Developer";
				COPY_PHASE_STRIP = NO;
				DEBUG_INFORMATION_FORMAT = "dwarf-with-dsym";
				ENABLE_NS_ASSERTIONS = NO;
				ENABLE_STRICT_OBJC_MSGSEND = YES;
				GCC_C_LANGUAGE_STANDARD = gnu99;
				GCC_NO_COMMON_BLOCKS = YES;
				GCC_WARN_64_TO_32_BIT_CONVERSION = YES;
				GCC_WARN_ABOUT_RETURN_TYPE = YES_ERROR;
				GCC_WARN_UNDECLARED_SELECTOR = YES;
				GCC_WARN_UNINITIALIZED_AUTOS = YES_AGGRESSIVE;
				GCC_WARN_UNUSED_FUNCTION = YES;
				GCC_WARN_UNUSED_VARIABLE = YES;
				IPHONEOS_DEPLOYMENT_TARGET = 10.2;
				MTL_ENABLE_DEBUG_INFO = NO;
				SDKROOT = iphoneos;
				VALIDATE_PRODUCT = YES;
			};
			name = Release;
		};
		322D18951F78AF8800815118 /* Debug */ = {
			isa = XCBuildConfiguration;
			buildSettings = {
				ASSETCATALOG_COMPILER_APPICON_NAME = AppIcon;
				DEVELOPMENT_TEAM = SR4ZEKCW75;
				INFOPLIST_FILE = GripBall/Info.plist;
				LD_RUNPATH_SEARCH_PATHS = "$(inherited) @executable_path/Frameworks";
				PRODUCT_BUNDLE_IDENTIFIER = "-3070302.GripBall";
				PRODUCT_NAME = "$(TARGET_NAME)";
			};
			name = Debug;
		};
		322D18961F78AF8800815118 /* Release */ = {
			isa = XCBuildConfiguration;
			buildSettings = {
				ASSETCATALOG_COMPILER_APPICON_NAME = AppIcon;
				DEVELOPMENT_TEAM = SR4ZEKCW75;
				INFOPLIST_FILE = GripBall/Info.plist;
				LD_RUNPATH_SEARCH_PATHS = "$(inherited) @executable_path/Frameworks";
				PRODUCT_BUNDLE_IDENTIFIER = "-3070302.GripBall";
				PRODUCT_NAME = "$(TARGET_NAME)";
			};
			name = Release;
		};
/* End XCBuildConfiguration section */

/* Begin XCConfigurationList section */
		322D18781F78AF8700815118 /* Build configuration list for PBXProject "GripBall" */ = {
			isa = XCConfigurationList;
			buildConfigurations = (
				322D18921F78AF8800815118 /* Debug */,
				322D18931F78AF8800815118 /* Release */,
			);
			defaultConfigurationIsVisible = 0;
			defaultConfigurationName = Release;
		};
		322D18941F78AF8800815118 /* Build configuration list for PBXNativeTarget "GripBall" */ = {
			isa = XCConfigurationList;
			buildConfigurations = (
				322D18951F78AF8800815118 /* Debug */,
				322D18961F78AF8800815118 /* Release */,
			);
			defaultConfigurationIsVisible = 0;
			defaultConfigurationName = Release;
		};
/* End XCConfigurationList section */
	};
	rootObject = 322D18751F78AF8700815118 /* Project object */;
}
