// !$*UTF8*$!
{
	archiveVersion = 1;
	classes = {
	};
	objectVersion = 46;
	objects = {

/* Begin PBXBuildFile section */
		3259A5961F77F33500909F42 /* main.m in Sources */ = {isa = PBXBuildFile; fileRef = 3259A5951F77F33500909F42 /* main.m */; };
		3259A5991F77F33500909F42 /* AppDelegate.m in Sources */ = {isa = PBXBuildFile; fileRef = 3259A5981F77F33500909F42 /* AppDelegate.m */; };
		3259A59F1F77F33500909F42 /* Main.storyboard in Resources */ = {isa = PBXBuildFile; fileRef = 3259A59D1F77F33500909F42 /* Main.storyboard */; };
		3259A5A11F77F33500909F42 /* Assets.xcassets in Resources */ = {isa = PBXBuildFile; fileRef = 3259A5A01F77F33500909F42 /* Assets.xcassets */; };
		3259A5A41F77F33500909F42 /* LaunchScreen.storyboard in Resources */ = {isa = PBXBuildFile; fileRef = 3259A5A21F77F33500909F42 /* LaunchScreen.storyboard */; };
		32688FDA1F780F09001217B6 /* LoginViewController.m in Sources */ = {isa = PBXBuildFile; fileRef = 32688FD91F780F09001217B6 /* LoginViewController.m */; };
/* End PBXBuildFile section */

/* Begin PBXFileReference section */
		3259A5911F77F33500909F42 /* GripBall.app */ = {isa = PBXFileReference; explicitFileType = wrapper.application; includeInIndex = 0; path = GripBall.app; sourceTree = BUILT_PRODUCTS_DIR; };
		3259A5951F77F33500909F42 /* main.m */ = {isa = PBXFileReference; lastKnownFileType = sourcecode.c.objc; path = main.m; sourceTree = "<group>"; };
		3259A5971F77F33500909F42 /* AppDelegate.h */ = {isa = PBXFileReference; lastKnownFileType = sourcecode.c.h; path = AppDelegate.h; sourceTree = "<group>"; };
		3259A5981F77F33500909F42 /* AppDelegate.m */ = {isa = PBXFileReference; lastKnownFileType = sourcecode.c.objc; path = AppDelegate.m; sourceTree = "<group>"; };
		3259A59E1F77F33500909F42 /* Base */ = {isa = PBXFileReference; lastKnownFileType = file.storyboard; name = Base; path = Base.lproj/Main.storyboard; sourceTree = "<group>"; };
		3259A5A01F77F33500909F42 /* Assets.xcassets */ = {isa = PBXFileReference; lastKnownFileType = folder.assetcatalog; path = Assets.xcassets; sourceTree = "<group>"; };
		3259A5A31F77F33500909F42 /* Base */ = {isa = PBXFileReference; lastKnownFileType = file.storyboard; name = Base; path = Base.lproj/LaunchScreen.storyboard; sourceTree = "<group>"; };
		3259A5A51F77F33500909F42 /* Info.plist */ = {isa = PBXFileReference; lastKnownFileType = text.plist.xml; path = Info.plist; sourceTree = "<group>"; };
		32688FD81F780F09001217B6 /* LoginViewController.h */ = {isa = PBXFileReference; lastKnownFileType = sourcecode.c.h; path = LoginViewController.h; sourceTree = "<group>"; };
		32688FD91F780F09001217B6 /* LoginViewController.m */ = {isa = PBXFileReference; lastKnownFileType = sourcecode.c.objc; path = LoginViewController.m; sourceTree = "<group>"; };
/* End PBXFileReference section */

/* Begin PBXFrameworksBuildPhase section */
		3259A58E1F77F33500909F42 /* Frameworks */ = {
			isa = PBXFrameworksBuildPhase;
			buildActionMask = 2147483647;
			files = (
			);
			runOnlyForDeploymentPostprocessing = 0;
		};
/* End PBXFrameworksBuildPhase section */

/* Begin PBXGroup section */
		3259A5881F77F33500909F42 = {
			isa = PBXGroup;
			children = (
				3259A5931F77F33500909F42 /* GripBall */,
				3259A5921F77F33500909F42 /* Products */,
			);
			sourceTree = "<group>";
		};
		3259A5921F77F33500909F42 /* Products */ = {
			isa = PBXGroup;
			children = (
				3259A5911F77F33500909F42 /* GripBall.app */,
			);
			name = Products;
			sourceTree = "<group>";
		};
		3259A5931F77F33500909F42 /* GripBall */ = {
			isa = PBXGroup;
			children = (
				32688FD61F780E9E001217B6 /* view */,
				3259A5971F77F33500909F42 /* AppDelegate.h */,
				3259A5981F77F33500909F42 /* AppDelegate.m */,
				3259A59D1F77F33500909F42 /* Main.storyboard */,
				3259A5A01F77F33500909F42 /* Assets.xcassets */,
				3259A5A21F77F33500909F42 /* LaunchScreen.storyboard */,
				3259A5A51F77F33500909F42 /* Info.plist */,
				3259A5941F77F33500909F42 /* Supporting Files */,
			);
			path = GripBall;
			sourceTree = "<group>";
		};
		3259A5941F77F33500909F42 /* Supporting Files */ = {
			isa = PBXGroup;
			children = (
				3259A5951F77F33500909F42 /* main.m */,
			);
			name = "Supporting Files";
			sourceTree = "<group>";
		};
		32688FD61F780E9E001217B6 /* view */ = {
			isa = PBXGroup;
			children = (
				32688FD71F780EF4001217B6 /* Login */,
			);
			path = view;
			sourceTree = "<group>";
		};
		32688FD71F780EF4001217B6 /* Login */ = {
			isa = PBXGroup;
			children = (
				32688FD81F780F09001217B6 /* LoginViewController.h */,
				32688FD91F780F09001217B6 /* LoginViewController.m */,
			);
			path = Login;
			sourceTree = "<group>";
		};
/* End PBXGroup section */

/* Begin PBXNativeTarget section */
		3259A5901F77F33500909F42 /* GripBall */ = {
			isa = PBXNativeTarget;
			buildConfigurationList = 3259A5A81F77F33500909F42 /* Build configuration list for PBXNativeTarget "GripBall" */;
			buildPhases = (
				3259A58D1F77F33500909F42 /* Sources */,
				3259A58E1F77F33500909F42 /* Frameworks */,
				3259A58F1F77F33500909F42 /* Resources */,
			);
			buildRules = (
			);
			dependencies = (
			);
			name = GripBall;
			productName = GripBall;
			productReference = 3259A5911F77F33500909F42 /* GripBall.app */;
			productType = "com.apple.product-type.application";
		};
/* End PBXNativeTarget section */

/* Begin PBXProject section */
		3259A5891F77F33500909F42 /* Project object */ = {
			isa = PBXProject;
			attributes = {
				LastUpgradeCheck = 0830;
				ORGANIZATIONNAME = "贾辰";
				TargetAttributes = {
					3259A5901F77F33500909F42 = {
						CreatedOnToolsVersion = 8.3.3;
						ProvisioningStyle = Automatic;
					};
				};
			};
			buildConfigurationList = 3259A58C1F77F33500909F42 /* Build configuration list for PBXProject "GripBall" */;
			compatibilityVersion = "Xcode 3.2";
			developmentRegion = English;
			hasScannedForEncodings = 0;
			knownRegions = (
				en,
				Base,
			);
			mainGroup = 3259A5881F77F33500909F42;
			productRefGroup = 3259A5921F77F33500909F42 /* Products */;
			projectDirPath = "";
			projectRoot = "";
			targets = (
				3259A5901F77F33500909F42 /* GripBall */,
			);
		};
/* End PBXProject section */

/* Begin PBXResourcesBuildPhase section */
		3259A58F1F77F33500909F42 /* Resources */ = {
			isa = PBXResourcesBuildPhase;
			buildActionMask = 2147483647;
			files = (
				3259A5A41F77F33500909F42 /* LaunchScreen.storyboard in Resources */,
				3259A5A11F77F33500909F42 /* Assets.xcassets in Resources */,
				3259A59F1F77F33500909F42 /* Main.storyboard in Resources */,
			);
			runOnlyForDeploymentPostprocessing = 0;
		};
/* End PBXResourcesBuildPhase section */

/* Begin PBXSourcesBuildPhase section */
		3259A58D1F77F33500909F42 /* Sources */ = {
			isa = PBXSourcesBuildPhase;
			buildActionMask = 2147483647;
			files = (
				3259A5991F77F33500909F42 /* AppDelegate.m in Sources */,
				3259A5961F77F33500909F42 /* main.m in Sources */,
				32688FDA1F780F09001217B6 /* LoginViewController.m in Sources */,
			);
			runOnlyForDeploymentPostprocessing = 0;
		};
/* End PBXSourcesBuildPhase section */

/* Begin PBXVariantGroup section */
		3259A59D1F77F33500909F42 /* Main.storyboard */ = {
			isa = PBXVariantGroup;
			children = (
				3259A59E1F77F33500909F42 /* Base */,
			);
			name = Main.storyboard;
			sourceTree = "<group>";
		};
		3259A5A21F77F33500909F42 /* LaunchScreen.storyboard */ = {
			isa = PBXVariantGroup;
			children = (
				3259A5A31F77F33500909F42 /* Base */,
			);
			name = LaunchScreen.storyboard;
			sourceTree = "<group>";
		};
/* End PBXVariantGroup section */

/* Begin XCBuildConfiguration section */
		3259A5A61F77F33500909F42 /* Debug */ = {
			isa = XCBuildConfiguration;
			buildSettings = {
				ALWAYS_SEARCH_USER_PATHS = NO;
				CLANG_ANALYZER_NONNULL = YES;
				CLANG_ANALYZER_NUMBER_OBJECT_CONVERSION = YES_AGGRESSIVE;
				CLANG_CXX_LANGUAGE_STANDARD = "gnu++0x";
				CLANG_CXX_LIBRARY = "libc++";
				CLANG_ENABLE_MODULES = YES;
				CLANG_ENABLE_OBJC_ARC = YES;
				CLANG_WARN_BOOL_CONVERSION = YES;
				CLANG_WARN_CONSTANT_CONVERSION = YES;
				CLANG_WARN_DIRECT_OBJC_ISA_USAGE = YES_ERROR;
				CLANG_WARN_DOCUMENTATION_COMMENTS = YES;
				CLANG_WARN_EMPTY_BODY = YES;
				CLANG_WARN_ENUM_CONVERSION = YES;
				CLANG_WARN_INFINITE_RECURSION = YES;
				CLANG_WARN_INT_CONVERSION = YES;
				CLANG_WARN_OBJC_ROOT_CLASS = YES_ERROR;
				CLANG_WARN_SUSPICIOUS_MOVE = YES;
				CLANG_WARN_UNREACHABLE_CODE = YES;
				CLANG_WARN__DUPLICATE_METHOD_MATCH = YES;
				"CODE_SIGN_IDENTITY[sdk=iphoneos*]" = "iPhone Developer";
				COPY_PHASE_STRIP = NO;
				DEBUG_INFORMATION_FORMAT = dwarf;
				ENABLE_STRICT_OBJC_MSGSEND = YES;
				ENABLE_TESTABILITY = YES;
				GCC_C_LANGUAGE_STANDARD = gnu99;
				GCC_DYNAMIC_NO_PIC = NO;
				GCC_NO_COMMON_BLOCKS = YES;
				GCC_OPTIMIZATION_LEVEL = 0;
				GCC_PREPROCESSOR_DEFINITIONS = (
					"DEBUG=1",
					"$(inherited)",
				);
				GCC_WARN_64_TO_32_BIT_CONVERSION = YES;
				GCC_WARN_ABOUT_RETURN_TYPE = YES_ERROR;
				GCC_WARN_UNDECLARED_SELECTOR = YES;
				GCC_WARN_UNINITIALIZED_AUTOS = YES_AGGRESSIVE;
				GCC_WARN_UNUSED_FUNCTION = YES;
				GCC_WARN_UNUSED_VARIABLE = YES;
				IPHONEOS_DEPLOYMENT_TARGET = 10.3;
				MTL_ENABLE_DEBUG_INFO = YES;
				ONLY_ACTIVE_ARCH = YES;
				SDKROOT = iphoneos;
				TARGETED_DEVICE_FAMILY = "1,2";
			};
			name = Debug;
		};
		3259A5A71F77F33500909F42 /* Release */ = {
			isa = XCBuildConfiguration;
			buildSettings = {
				ALWAYS_SEARCH_USER_PATHS = NO;
				CLANG_ANALYZER_NONNULL = YES;
				CLANG_ANALYZER_NUMBER_OBJECT_CONVERSION = YES_AGGRESSIVE;
				CLANG_CXX_LANGUAGE_STANDARD = "gnu++0x";
				CLANG_CXX_LIBRARY = "libc++";
				CLANG_ENABLE_MODULES = YES;
				CLANG_ENABLE_OBJC_ARC = YES;
				CLANG_WARN_BOOL_CONVERSION = YES;
				CLANG_WARN_CONSTANT_CONVERSION = YES;
				CLANG_WARN_DIRECT_OBJC_ISA_USAGE = YES_ERROR;
				CLANG_WARN_DOCUMENTATION_COMMENTS = YES;
				CLANG_WARN_EMPTY_BODY = YES;
				CLANG_WARN_ENUM_CONVERSION = YES;
				CLANG_WARN_INFINITE_RECURSION = YES;
				CLANG_WARN_INT_CONVERSION = YES;
				CLANG_WARN_OBJC_ROOT_CLASS = YES_ERROR;
				CLANG_WARN_SUSPICIOUS_MOVE = YES;
				CLANG_WARN_UNREACHABLE_CODE = YES;
				CLANG_WARN__DUPLICATE_METHOD_MATCH = YES;
				"CODE_SIGN_IDENTITY[sdk=iphoneos*]" = "iPhone Developer";
				COPY_PHASE_STRIP = NO;
				DEBUG_INFORMATION_FORMAT = "dwarf-with-dsym";
				ENABLE_NS_ASSERTIONS = NO;
				ENABLE_STRICT_OBJC_MSGSEND = YES;
				GCC_C_LANGUAGE_STANDARD = gnu99;
				GCC_NO_COMMON_BLOCKS = YES;
				GCC_WARN_64_TO_32_BIT_CONVERSION = YES;
				GCC_WARN_ABOUT_RETURN_TYPE = YES_ERROR;
				GCC_WARN_UNDECLARED_SELECTOR = YES;
				GCC_WARN_UNINITIALIZED_AUTOS = YES_AGGRESSIVE;
				GCC_WARN_UNUSED_FUNCTION = YES;
				GCC_WARN_UNUSED_VARIABLE = YES;
				IPHONEOS_DEPLOYMENT_TARGET = 10.3;
				MTL_ENABLE_DEBUG_INFO = NO;
				SDKROOT = iphoneos;
				TARGETED_DEVICE_FAMILY = "1,2";
				VALIDATE_PRODUCT = YES;
			};
			name = Release;
		};
		3259A5A91F77F33500909F42 /* Debug */ = {
			isa = XCBuildConfiguration;
			buildSettings = {
				ASSETCATALOG_COMPILER_APPICON_NAME = AppIcon;
				INFOPLIST_FILE = GripBall/Info.plist;
				LD_RUNPATH_SEARCH_PATHS = "$(inherited) @executable_path/Frameworks";
				PRODUCT_BUNDLE_IDENTIFIER = bjut.GripBall;
				PRODUCT_NAME = "$(TARGET_NAME)";
			};
			name = Debug;
		};
		3259A5AA1F77F33500909F42 /* Release */ = {
			isa = XCBuildConfiguration;
			buildSettings = {
				ASSETCATALOG_COMPILER_APPICON_NAME = AppIcon;
				INFOPLIST_FILE = GripBall/Info.plist;
				LD_RUNPATH_SEARCH_PATHS = "$(inherited) @executable_path/Frameworks";
				PRODUCT_BUNDLE_IDENTIFIER = bjut.GripBall;
				PRODUCT_NAME = "$(TARGET_NAME)";
			};
			name = Release;
		};
/* End XCBuildConfiguration section */

/* Begin XCConfigurationList section */
		3259A58C1F77F33500909F42 /* Build configuration list for PBXProject "GripBall" */ = {
			isa = XCConfigurationList;
			buildConfigurations = (
				3259A5A61F77F33500909F42 /* Debug */,
				3259A5A71F77F33500909F42 /* Release */,
			);
			defaultConfigurationIsVisible = 0;
			defaultConfigurationName = Release;
		};
		3259A5A81F77F33500909F42 /* Build configuration list for PBXNativeTarget "GripBall" */ = {
			isa = XCConfigurationList;
			buildConfigurations = (
				3259A5A91F77F33500909F42 /* Debug */,
				3259A5AA1F77F33500909F42 /* Release */,
			);
			defaultConfigurationIsVisible = 0;
			defaultConfigurationName = Release;
		};
/* End XCConfigurationList section */
	};
	rootObject = 3259A5891F77F33500909F42 /* Project object */;
}
